
Microsoft Visual Studio Solution File, Format Version 12.00
# Visual Studio Version 17
VisualStudioVersion = 17.11.35327.3
MinimumVisualStudioVersion = 10.0.40219.1
Project("{FAE04EC0-301F-11D3-BF4B-00C04F79EFBC}") = "AbstractFactory_ImplementatioExample", "AbstractFactory_ImplementatioExample.csproj", "{AB5D9718-AE9B-45EE-B525-E058FBF964DC}"
EndProject
Global
	GlobalSection(SolutionConfigurationPlatforms) = preSolution
		Debug|Any CPU = Debug|Any CPU
		Release|Any CPU = Release|Any CPU
	EndGlobalSection
	GlobalSection(ProjectConfigurationPlatforms) = postSolution
		{AB5D9718-AE9B-45EE-B525-E058FBF964DC}.Debug|Any CPU.ActiveCfg = Debug|Any CPU
		{AB5D9718-AE9B-45EE-B525-E058FBF964DC}.Debug|Any CPU.Build.0 = Debug|Any CPU
		{AB5D9718-AE9B-45EE-B525-E058FBF964DC}.Release|Any CPU.ActiveCfg = Release|Any CPU
		{AB5D9718-AE9B-45EE-B525-E058FBF964DC}.Release|Any CPU.Build.0 = Release|Any CPU
	EndGlobalSection
	GlobalSection(SolutionProperties) = preSolution
		HideSolutionNode = FALSE
	EndGlobalSection
	GlobalSection(ExtensibilityGlobals) = postSolution
		SolutionGuid = {9393F7CC-AB07-4DE9-B9CC-748E47B798AB}
	EndGlobalSection
EndGlobal
