
Microsoft Visual Studio Solution File, Format Version 12.00
# Visual Studio Version 17
VisualStudioVersion = 17.11.35327.3
MinimumVisualStudioVersion = 10.0.40219.1
Project("{FAE04EC0-301F-11D3-BF4B-00C04F79EFBC}") = "AbstractFactory_01", "AbstractFactory_01.csproj", "{B8B642BB-22DA-4111-A676-68744BC5232E}"
EndProject
Global
	GlobalSection(SolutionConfigurationPlatforms) = preSolution
		Debug|Any CPU = Debug|Any CPU
		Release|Any CPU = Release|Any CPU
	EndGlobalSection
	GlobalSection(ProjectConfigurationPlatforms) = postSolution
		{B8B642BB-22DA-4111-A676-68744BC5232E}.Debug|Any CPU.ActiveCfg = Debug|Any CPU
		{B8B642BB-22DA-4111-A676-68744BC5232E}.Debug|Any CPU.Build.0 = Debug|Any CPU
		{B8B642BB-22DA-4111-A676-68744BC5232E}.Release|Any CPU.ActiveCfg = Release|Any CPU
		{B8B642BB-22DA-4111-A676-68744BC5232E}.Release|Any CPU.Build.0 = Release|Any CPU
	EndGlobalSection
	GlobalSection(SolutionProperties) = preSolution
		HideSolutionNode = FALSE
	EndGlobalSection
	GlobalSection(ExtensibilityGlobals) = postSolution
		SolutionGuid = {7C52190F-A669-44CA-AA2F-8103BBA2FEB2}
	EndGlobalSection
EndGlobal
